
Microsoft Visual Studio Solution File, Format Version 12.00
# Visual Studio Version 16
VisualStudioVersion = 16.0.30002.166
MinimumVisualStudioVersion = 10.0.40219.1
Project("{FAE04EC0-301F-11D3-BF4B-00C04F79EFBC}") = "MD5Compare", "MD5Compare.csproj", "{31E6FE38-4DC2-4C7B-8DC9-F8CE1907B4C9}"
EndProject
Global
	GlobalSection(SolutionConfigurationPlatforms) = preSolution
		Debug|Any CPU = Debug|Any CPU
		Release|Any CPU = Release|Any CPU
	EndGlobalSection
	GlobalSection(ProjectConfigurationPlatforms) = postSolution
		{31E6FE38-4DC2-4C7B-8DC9-F8CE1907B4C9}.Debug|Any CPU.ActiveCfg = Debug|Any CPU
		{31E6FE38-4DC2-4C7B-8DC9-F8CE1907B4C9}.Debug|Any CPU.Build.0 = Debug|Any CPU
		{31E6FE38-4DC2-4C7B-8DC9-F8CE1907B4C9}.Release|Any CPU.ActiveCfg = Release|Any CPU
		{31E6FE38-4DC2-4C7B-8DC9-F8CE1907B4C9}.Release|Any CPU.Build.0 = Release|Any CPU
	EndGlobalSection
	GlobalSection(SolutionProperties) = preSolution
		HideSolutionNode = FALSE
	EndGlobalSection
	GlobalSection(ExtensibilityGlobals) = postSolution
		SolutionGuid = {FCCF9267-7802-43E8-A4ED-BA2DB74B04CD}
	EndGlobalSection
EndGlobal
